{
  "name": "wpaigen-ai-generator",
  "version": "4.0.0",
  "lockfileVersion": 3,
  "requires": true,
  "packages": {
    "": {
      "name": "wpaigen-ai-generator",
      "version": "4.0.0",
      "license": "GPL-2.0-or-later",
      "devDependencies": {},
      "engines": {
        "node": ">=14.0.0"
      }
    }
  }
}
